
Microsoft Visual Studio Solution File, Format Version 12.00
# Visual Studio Version 16
VisualStudioVersion = 16.0.30907.101
MinimumVisualStudioVersion = 10.0.40219.1
Project("{FAE04EC0-301F-11D3-BF4B-00C04F79EFBC}") = "DFS and BFS", "DFS and BFS\DFS and BFS.csproj", "{5B556D25-3058-4362-B267-69B67C438EF3}"
EndProject
Global
	GlobalSection(SolutionConfigurationPlatforms) = preSolution
		Debug|Any CPU = Debug|Any CPU
		Release|Any CPU = Release|Any CPU
	EndGlobalSection
	GlobalSection(ProjectConfigurationPlatforms) = postSolution
		{5B556D25-3058-4362-B267-69B67C438EF3}.Debug|Any CPU.ActiveCfg = Debug|Any CPU
		{5B556D25-3058-4362-B267-69B67C438EF3}.Debug|Any CPU.Build.0 = Debug|Any CPU
		{5B556D25-3058-4362-B267-69B67C438EF3}.Release|Any CPU.ActiveCfg = Release|Any CPU
		{5B556D25-3058-4362-B267-69B67C438EF3}.Release|Any CPU.Build.0 = Release|Any CPU
	EndGlobalSection
	GlobalSection(SolutionProperties) = preSolution
		HideSolutionNode = FALSE
	EndGlobalSection
	GlobalSection(ExtensibilityGlobals) = postSolution
		SolutionGuid = {F71F5F77-35D6-4FB7-BC4E-E95108292F0F}
	EndGlobalSection
EndGlobal
