
Microsoft Visual Studio Solution File, Format Version 12.00
# Visual Studio Version 16
VisualStudioVersion = 16.0.30907.101
MinimumVisualStudioVersion = 10.0.40219.1
Project("{FAE04EC0-301F-11D3-BF4B-00C04F79EFBC}") = "DFS and BFS", "DFS and BFS\DFS and BFS.csproj", "{32D5D97C-ED73-437C-A684-8DB53A621BD9}"
EndProject
Global
	GlobalSection(SolutionConfigurationPlatforms) = preSolution
		Debug|Any CPU = Debug|Any CPU
		Release|Any CPU = Release|Any CPU
	EndGlobalSection
	GlobalSection(ProjectConfigurationPlatforms) = postSolution
		{32D5D97C-ED73-437C-A684-8DB53A621BD9}.Debug|Any CPU.ActiveCfg = Debug|Any CPU
		{32D5D97C-ED73-437C-A684-8DB53A621BD9}.Debug|Any CPU.Build.0 = Debug|Any CPU
		{32D5D97C-ED73-437C-A684-8DB53A621BD9}.Release|Any CPU.ActiveCfg = Release|Any CPU
		{32D5D97C-ED73-437C-A684-8DB53A621BD9}.Release|Any CPU.Build.0 = Release|Any CPU
	EndGlobalSection
	GlobalSection(SolutionProperties) = preSolution
		HideSolutionNode = FALSE
	EndGlobalSection
	GlobalSection(ExtensibilityGlobals) = postSolution
		SolutionGuid = {2CF97F51-3750-4AB2-AB2F-AFAAEDB76DD0}
	EndGlobalSection
EndGlobal
